
Microsoft Visual Studio Solution File, Format Version 12.00
# Visual Studio Version 17
VisualStudioVersion = 17.7.34003.232
MinimumVisualStudioVersion = 10.0.40219.1
Project("{FAE04EC0-301F-11D3-BF4B-00C04F79EFBC}") = "WinFormsApp9", "WinFormsApp9\WinFormsApp9.csproj", "{407133FE-0695-4622-8954-27866741BF79}"
EndProject
Global
	GlobalSection(SolutionConfigurationPlatforms) = preSolution
		Debug|Any CPU = Debug|Any CPU
		Release|Any CPU = Release|Any CPU
	EndGlobalSection
	GlobalSection(ProjectConfigurationPlatforms) = postSolution
		{407133FE-0695-4622-8954-27866741BF79}.Debug|Any CPU.ActiveCfg = Debug|Any CPU
		{407133FE-0695-4622-8954-27866741BF79}.Debug|Any CPU.Build.0 = Debug|Any CPU
		{407133FE-0695-4622-8954-27866741BF79}.Release|Any CPU.ActiveCfg = Release|Any CPU
		{407133FE-0695-4622-8954-27866741BF79}.Release|Any CPU.Build.0 = Release|Any CPU
	EndGlobalSection
	GlobalSection(SolutionProperties) = preSolution
		HideSolutionNode = FALSE
	EndGlobalSection
	GlobalSection(ExtensibilityGlobals) = postSolution
		SolutionGuid = {56E071AD-F0DE-4661-BB46-BB2A3066EDD2}
	EndGlobalSection
EndGlobal
